
Microsoft Visual Studio Solution File, Format Version 12.00
# Visual Studio Version 16
VisualStudioVersion = 16.0.29728.190
MinimumVisualStudioVersion = 10.0.40219.1
Project("{FAE04EC0-301F-11D3-BF4B-00C04F79EFBC}") = "G3Systems", "G3Systems.csproj", "{EC74933E-30CA-43FB-BF52-CE156E979BAF}"
EndProject
Project("{FAE04EC0-301F-11D3-BF4B-00C04F79EFBC}") = "SQLServer", "..\SQLServer\SQLServer.csproj", "{B222C887-BD20-473A-B6BB-3DFF7332854D}"
EndProject
Project("{FAE04EC0-301F-11D3-BF4B-00C04F79EFBC}") = "TypeLib", "..\TypeLib\TypeLib.csproj", "{27D8122D-1DD7-42BD-90BB-D214542B22F7}"
EndProject
Global
	GlobalSection(SolutionConfigurationPlatforms) = preSolution
		Debug|Any CPU = Debug|Any CPU
		Release|Any CPU = Release|Any CPU
	EndGlobalSection
	GlobalSection(ProjectConfigurationPlatforms) = postSolution
		{EC74933E-30CA-43FB-BF52-CE156E979BAF}.Debug|Any CPU.ActiveCfg = Debug|Any CPU
		{EC74933E-30CA-43FB-BF52-CE156E979BAF}.Debug|Any CPU.Build.0 = Debug|Any CPU
		{EC74933E-30CA-43FB-BF52-CE156E979BAF}.Release|Any CPU.ActiveCfg = Release|Any CPU
		{EC74933E-30CA-43FB-BF52-CE156E979BAF}.Release|Any CPU.Build.0 = Release|Any CPU
		{B222C887-BD20-473A-B6BB-3DFF7332854D}.Debug|Any CPU.ActiveCfg = Debug|Any CPU
		{B222C887-BD20-473A-B6BB-3DFF7332854D}.Debug|Any CPU.Build.0 = Debug|Any CPU
		{B222C887-BD20-473A-B6BB-3DFF7332854D}.Release|Any CPU.ActiveCfg = Release|Any CPU
		{B222C887-BD20-473A-B6BB-3DFF7332854D}.Release|Any CPU.Build.0 = Release|Any CPU
		{27D8122D-1DD7-42BD-90BB-D214542B22F7}.Debug|Any CPU.ActiveCfg = Debug|Any CPU
		{27D8122D-1DD7-42BD-90BB-D214542B22F7}.Debug|Any CPU.Build.0 = Debug|Any CPU
		{27D8122D-1DD7-42BD-90BB-D214542B22F7}.Release|Any CPU.ActiveCfg = Release|Any CPU
		{27D8122D-1DD7-42BD-90BB-D214542B22F7}.Release|Any CPU.Build.0 = Release|Any CPU
	EndGlobalSection
	GlobalSection(SolutionProperties) = preSolution
		HideSolutionNode = FALSE
	EndGlobalSection
	GlobalSection(ExtensibilityGlobals) = postSolution
		SolutionGuid = {D4332FD6-B080-4835-8E57-157DC88E8743}
	EndGlobalSection
EndGlobal
